// !$*UTF8*$!
{
	archiveVersion = 1;
	classes = {
	};
	objectVersion = 50;
	objects = {

/* Begin PBXBuildFile section */
		CA06008522A821BB00EC303D /* AppDelegate.swift in Sources */ = {isa = PBXBuildFile; fileRef = CA06008422A821BB00EC303D /* AppDelegate.swift */; };
		CA06008A22A821BB00EC303D /* Main.storyboard in Resources */ = {isa = PBXBuildFile; fileRef = CA06008822A821BB00EC303D /* Main.storyboard */; };
		CA06008C22A821BC00EC303D /* Assets.xcassets in Resources */ = {isa = PBXBuildFile; fileRef = CA06008B22A821BC00EC303D /* Assets.xcassets */; };
		CA06008F22A821BC00EC303D /* LaunchScreen.storyboard in Resources */ = {isa = PBXBuildFile; fileRef = CA06008D22A821BC00EC303D /* LaunchScreen.storyboard */; };
		CA06009922A8237100EC303D /* User.swift in Sources */ = {isa = PBXBuildFile; fileRef = CA06009822A8237100EC303D /* User.swift */; };
		CA06009E22A8239300EC303D /* UserController.swift in Sources */ = {isa = PBXBuildFile; fileRef = CA06009D22A8239300EC303D /* UserController.swift */; };
		CA0600A222A837E800EC303D /* FetchViewController.swift in Sources */ = {isa = PBXBuildFile; fileRef = CA0600A122A837E800EC303D /* FetchViewController.swift */; };
		CA0600A422A837F100EC303D /* SignUpViewController.swift in Sources */ = {isa = PBXBuildFile; fileRef = CA0600A322A837F100EC303D /* SignUpViewController.swift */; };
		CA0600A922A853F200EC303D /* CloudKit.framework in Frameworks */ = {isa = PBXBuildFile; fileRef = CA0600A822A853F200EC303D /* CloudKit.framework */; };
		CAFCDA0122A97347006FB909 /* EntryListTableViewController.swift in Sources */ = {isa = PBXBuildFile; fileRef = CAFCDA0022A97347006FB909 /* EntryListTableViewController.swift */; };
		CAFCDA0322A9735A006FB909 /* EntryDetailViewController.swift in Sources */ = {isa = PBXBuildFile; fileRef = CAFCDA0222A9735A006FB909 /* EntryDetailViewController.swift */; };
		CAFCDA0522A9746F006FB909 /* Entry.swift in Sources */ = {isa = PBXBuildFile; fileRef = CAFCDA0422A9746F006FB909 /* Entry.swift */; };
		CAFCDA0722A97BA7006FB909 /* EntryController.swift in Sources */ = {isa = PBXBuildFile; fileRef = CAFCDA0622A97BA7006FB909 /* EntryController.swift */; };
/* End PBXBuildFile section */

/* Begin PBXFileReference section */
		CA06008122A821BB00EC303D /* CKUsersPractice.app */ = {isa = PBXFileReference; explicitFileType = wrapper.application; includeInIndex = 0; path = CKUsersPractice.app; sourceTree = BUILT_PRODUCTS_DIR; };
		CA06008422A821BB00EC303D /* AppDelegate.swift */ = {isa = PBXFileReference; lastKnownFileType = sourcecode.swift; path = AppDelegate.swift; sourceTree = "<group>"; };
		CA06008922A821BB00EC303D /* Base */ = {isa = PBXFileReference; lastKnownFileType = file.storyboard; name = Base; path = Base.lproj/Main.storyboard; sourceTree = "<group>"; };
		CA06008B22A821BC00EC303D /* Assets.xcassets */ = {isa = PBXFileReference; lastKnownFileType = folder.assetcatalog; path = Assets.xcassets; sourceTree = "<group>"; };
		CA06008E22A821BC00EC303D /* Base */ = {isa = PBXFileReference; lastKnownFileType = file.storyboard; name = Base; path = Base.lproj/LaunchScreen.storyboard; sourceTree = "<group>"; };
		CA06009022A821BC00EC303D /* Info.plist */ = {isa = PBXFileReference; lastKnownFileType = text.plist.xml; path = Info.plist; sourceTree = "<group>"; };
		CA06009622A821D300EC303D /* CKUsersPractice.entitlements */ = {isa = PBXFileReference; lastKnownFileType = text.plist.entitlements; path = CKUsersPractice.entitlements; sourceTree = "<group>"; };
		CA06009822A8237100EC303D /* User.swift */ = {isa = PBXFileReference; lastKnownFileType = sourcecode.swift; path = User.swift; sourceTree = "<group>"; };
		CA06009D22A8239300EC303D /* UserController.swift */ = {isa = PBXFileReference; lastKnownFileType = sourcecode.swift; path = UserController.swift; sourceTree = "<group>"; };
		CA0600A122A837E800EC303D /* FetchViewController.swift */ = {isa = PBXFileReference; lastKnownFileType = sourcecode.swift; path = FetchViewController.swift; sourceTree = "<group>"; };
		CA0600A322A837F100EC303D /* SignUpViewController.swift */ = {isa = PBXFileReference; lastKnownFileType = sourcecode.swift; path = SignUpViewController.swift; sourceTree = "<group>"; };
		CA0600A822A853F200EC303D /* CloudKit.framework */ = {isa = PBXFileReference; lastKnownFileType = wrapper.framework; name = CloudKit.framework; path = System/Library/Frameworks/CloudKit.framework; sourceTree = SDKROOT; };
		CAFCDA0022A97347006FB909 /* EntryListTableViewController.swift */ = {isa = PBXFileReference; lastKnownFileType = sourcecode.swift; path = EntryListTableViewController.swift; sourceTree = "<group>"; };
		CAFCDA0222A9735A006FB909 /* EntryDetailViewController.swift */ = {isa = PBXFileReference; lastKnownFileType = sourcecode.swift; path = EntryDetailViewController.swift; sourceTree = "<group>"; };
		CAFCDA0422A9746F006FB909 /* Entry.swift */ = {isa = PBXFileReference; lastKnownFileType = sourcecode.swift; path = Entry.swift; sourceTree = "<group>"; };
		CAFCDA0622A97BA7006FB909 /* EntryController.swift */ = {isa = PBXFileReference; lastKnownFileType = sourcecode.swift; path = EntryController.swift; sourceTree = "<group>"; };
/* End PBXFileReference section */

/* Begin PBXFrameworksBuildPhase section */
		CA06007E22A821BB00EC303D /* Frameworks */ = {
			isa = PBXFrameworksBuildPhase;
			buildActionMask = 2147483647;
			files = (
				CA0600A922A853F200EC303D /* CloudKit.framework in Frameworks */,
			);
			runOnlyForDeploymentPostprocessing = 0;
		};
/* End PBXFrameworksBuildPhase section */

/* Begin PBXGroup section */
		CA06007822A821BB00EC303D = {
			isa = PBXGroup;
			children = (
				CA06008322A821BB00EC303D /* CKUsersPractice */,
				CA06008222A821BB00EC303D /* Products */,
				CA0600A722A853F200EC303D /* Frameworks */,
			);
			sourceTree = "<group>";
		};
		CA06008222A821BB00EC303D /* Products */ = {
			isa = PBXGroup;
			children = (
				CA06008122A821BB00EC303D /* CKUsersPractice.app */,
			);
			name = Products;
			sourceTree = "<group>";
		};
		CA06008322A821BB00EC303D /* CKUsersPractice */ = {
			isa = PBXGroup;
			children = (
				CA06008822A821BB00EC303D /* Main.storyboard */,
				CA06009622A821D300EC303D /* CKUsersPractice.entitlements */,
				CA0600A022A837A100EC303D /* View Controllers */,
				CA06009722A821F000EC303D /* Resources */,
				CA06009A22A8237600EC303D /* Models */,
				CA06009F22A8239700EC303D /* Model Controllers */,
			);
			path = CKUsersPractice;
			sourceTree = "<group>";
		};
		CA06009722A821F000EC303D /* Resources */ = {
			isa = PBXGroup;
			children = (
				CA06008422A821BB00EC303D /* AppDelegate.swift */,
				CA06008B22A821BC00EC303D /* Assets.xcassets */,
				CA06008D22A821BC00EC303D /* LaunchScreen.storyboard */,
				CA06009022A821BC00EC303D /* Info.plist */,
			);
			path = Resources;
			sourceTree = "<group>";
		};
		CA06009A22A8237600EC303D /* Models */ = {
			isa = PBXGroup;
			children = (
				CA06009822A8237100EC303D /* User.swift */,
				CAFCDA0422A9746F006FB909 /* Entry.swift */,
			);
			path = Models;
			sourceTree = "<group>";
		};
		CA06009F22A8239700EC303D /* Model Controllers */ = {
			isa = PBXGroup;
			children = (
				CA06009D22A8239300EC303D /* UserController.swift */,
				CAFCDA0622A97BA7006FB909 /* EntryController.swift */,
			);
			path = "Model Controllers";
			sourceTree = "<group>";
		};
		CA0600A022A837A100EC303D /* View Controllers */ = {
			isa = PBXGroup;
			children = (
				CA0600A122A837E800EC303D /* FetchViewController.swift */,
				CA0600A322A837F100EC303D /* SignUpViewController.swift */,
				CAFCDA0022A97347006FB909 /* EntryListTableViewController.swift */,
				CAFCDA0222A9735A006FB909 /* EntryDetailViewController.swift */,
			);
			path = "View Controllers";
			sourceTree = "<group>";
		};
		CA0600A722A853F200EC303D /* Frameworks */ = {
			isa = PBXGroup;
			children = (
				CA0600A822A853F200EC303D /* CloudKit.framework */,
			);
			name = Frameworks;
			sourceTree = "<group>";
		};
/* End PBXGroup section */

/* Begin PBXNativeTarget section */
		CA06008022A821BB00EC303D /* CKUsersPractice */ = {
			isa = PBXNativeTarget;
			buildConfigurationList = CA06009322A821BC00EC303D /* Build configuration list for PBXNativeTarget "CKUsersPractice" */;
			buildPhases = (
				CA06007D22A821BB00EC303D /* Sources */,
				CA06007E22A821BB00EC303D /* Frameworks */,
				CA06007F22A821BB00EC303D /* Resources */,
			);
			buildRules = (
			);
			dependencies = (
			);
			name = CKUsersPractice;
			productName = CKUsersPractice;
			productReference = CA06008122A821BB00EC303D /* CKUsersPractice.app */;
			productType = "com.apple.product-type.application";
		};
/* End PBXNativeTarget section */

/* Begin PBXProject section */
		CA06007922A821BB00EC303D /* Project object */ = {
			isa = PBXProject;
			attributes = {
				LastSwiftUpdateCheck = 1020;
				LastUpgradeCheck = 1020;
				ORGANIZATIONNAME = "Rabbit Hole Fashion";
				TargetAttributes = {
					CA06008022A821BB00EC303D = {
						CreatedOnToolsVersion = 10.2.1;
						SystemCapabilities = {
							com.apple.Push = {
								enabled = 1;
							};
							com.apple.iCloud = {
								enabled = 1;
							};
						};
					};
				};
			};
			buildConfigurationList = CA06007C22A821BB00EC303D /* Build configuration list for PBXProject "CKUsersPractice" */;
			compatibilityVersion = "Xcode 9.3";
			developmentRegion = en;
			hasScannedForEncodings = 0;
			knownRegions = (
				en,
				Base,
			);
			mainGroup = CA06007822A821BB00EC303D;
			productRefGroup = CA06008222A821BB00EC303D /* Products */;
			projectDirPath = "";
			projectRoot = "";
			targets = (
				CA06008022A821BB00EC303D /* CKUsersPractice */,
			);
		};
/* End PBXProject section */

/* Begin PBXResourcesBuildPhase section */
		CA06007F22A821BB00EC303D /* Resources */ = {
			isa = PBXResourcesBuildPhase;
			buildActionMask = 2147483647;
			files = (
				CA06008F22A821BC00EC303D /* LaunchScreen.storyboard in Resources */,
				CA06008C22A821BC00EC303D /* Assets.xcassets in Resources */,
				CA06008A22A821BB00EC303D /* Main.storyboard in Resources */,
			);
			runOnlyForDeploymentPostprocessing = 0;
		};
/* End PBXResourcesBuildPhase section */

/* Begin PBXSourcesBuildPhase section */
		CA06007D22A821BB00EC303D /* Sources */ = {
			isa = PBXSourcesBuildPhase;
			buildActionMask = 2147483647;
			files = (
				CAFCDA0522A9746F006FB909 /* Entry.swift in Sources */,
				CA0600A422A837F100EC303D /* SignUpViewController.swift in Sources */,
				CA06008522A821BB00EC303D /* AppDelegate.swift in Sources */,
				CAFCDA0722A97BA7006FB909 /* EntryController.swift in Sources */,
				CAFCDA0122A97347006FB909 /* EntryListTableViewController.swift in Sources */,
				CA06009E22A8239300EC303D /* UserController.swift in Sources */,
				CA06009922A8237100EC303D /* User.swift in Sources */,
				CAFCDA0322A9735A006FB909 /* EntryDetailViewController.swift in Sources */,
				CA0600A222A837E800EC303D /* FetchViewController.swift in Sources */,
			);
			runOnlyForDeploymentPostprocessing = 0;
		};
/* End PBXSourcesBuildPhase section */

/* Begin PBXVariantGroup section */
		CA06008822A821BB00EC303D /* Main.storyboard */ = {
			isa = PBXVariantGroup;
			children = (
				CA06008922A821BB00EC303D /* Base */,
			);
			name = Main.storyboard;
			sourceTree = "<group>";
		};
		CA06008D22A821BC00EC303D /* LaunchScreen.storyboard */ = {
			isa = PBXVariantGroup;
			children = (
				CA06008E22A821BC00EC303D /* Base */,
			);
			name = LaunchScreen.storyboard;
			sourceTree = "<group>";
		};
/* End PBXVariantGroup section */

/* Begin XCBuildConfiguration section */
		CA06009122A821BC00EC303D /* Debug */ = {
			isa = XCBuildConfiguration;
			buildSettings = {
				ALWAYS_SEARCH_USER_PATHS = NO;
				CLANG_ANALYZER_NONNULL = YES;
				CLANG_ANALYZER_NUMBER_OBJECT_CONVERSION = YES_AGGRESSIVE;
				CLANG_CXX_LANGUAGE_STANDARD = "gnu++14";
				CLANG_CXX_LIBRARY = "libc++";
				CLANG_ENABLE_MODULES = YES;
				CLANG_ENABLE_OBJC_ARC = YES;
				CLANG_ENABLE_OBJC_WEAK = YES;
				CLANG_WARN_BLOCK_CAPTURE_AUTORELEASING = YES;
				CLANG_WARN_BOOL_CONVERSION = YES;
				CLANG_WARN_COMMA = YES;
				CLANG_WARN_CONSTANT_CONVERSION = YES;
				CLANG_WARN_DEPRECATED_OBJC_IMPLEMENTATIONS = YES;
				CLANG_WARN_DIRECT_OBJC_ISA_USAGE = YES_ERROR;
				CLANG_WARN_DOCUMENTATION_COMMENTS = YES;
				CLANG_WARN_EMPTY_BODY = YES;
				CLANG_WARN_ENUM_CONVERSION = YES;
				CLANG_WARN_INFINITE_RECURSION = YES;
				CLANG_WARN_INT_CONVERSION = YES;
				CLANG_WARN_NON_LITERAL_NULL_CONVERSION = YES;
				CLANG_WARN_OBJC_IMPLICIT_RETAIN_SELF = YES;
				CLANG_WARN_OBJC_LITERAL_CONVERSION = YES;
				CLANG_WARN_OBJC_ROOT_CLASS = YES_ERROR;
				CLANG_WARN_RANGE_LOOP_ANALYSIS = YES;
				CLANG_WARN_STRICT_PROTOTYPES = YES;
				CLANG_WARN_SUSPICIOUS_MOVE = YES;
				CLANG_WARN_UNGUARDED_AVAILABILITY = YES_AGGRESSIVE;
				CLANG_WARN_UNREACHABLE_CODE = YES;
				CLANG_WARN__DUPLICATE_METHOD_MATCH = YES;
				CODE_SIGN_IDENTITY = "iPhone Developer";
				COPY_PHASE_STRIP = NO;
				DEBUG_INFORMATION_FORMAT = dwarf;
				ENABLE_STRICT_OBJC_MSGSEND = YES;
				ENABLE_TESTABILITY = YES;
				GCC_C_LANGUAGE_STANDARD = gnu11;
				GCC_DYNAMIC_NO_PIC = NO;
				GCC_NO_COMMON_BLOCKS = YES;
				GCC_OPTIMIZATION_LEVEL = 0;
				GCC_PREPROCESSOR_DEFINITIONS = (
					"DEBUG=1",
					"$(inherited)",
				);
				GCC_WARN_64_TO_32_BIT_CONVERSION = YES;
				GCC_WARN_ABOUT_RETURN_TYPE = YES_ERROR;
				GCC_WARN_UNDECLARED_SELECTOR = YES;
				GCC_WARN_UNINITIALIZED_AUTOS = YES_AGGRESSIVE;
				GCC_WARN_UNUSED_FUNCTION = YES;
				GCC_WARN_UNUSED_VARIABLE = YES;
				IPHONEOS_DEPLOYMENT_TARGET = 12.2;
				MTL_ENABLE_DEBUG_INFO = INCLUDE_SOURCE;
				MTL_FAST_MATH = YES;
				ONLY_ACTIVE_ARCH = YES;
				SDKROOT = iphoneos;
				SWIFT_ACTIVE_COMPILATION_CONDITIONS = DEBUG;
				SWIFT_OPTIMIZATION_LEVEL = "-Onone";
			};
			name = Debug;
		};
		CA06009222A821BC00EC303D /* Release */ = {
			isa = XCBuildConfiguration;
			buildSettings = {
				ALWAYS_SEARCH_USER_PATHS = NO;
				CLANG_ANALYZER_NONNULL = YES;
				CLANG_ANALYZER_NUMBER_OBJECT_CONVERSION = YES_AGGRESSIVE;
				CLANG_CXX_LANGUAGE_STANDARD = "gnu++14";
				CLANG_CXX_LIBRARY = "libc++";
				CLANG_ENABLE_MODULES = YES;
				CLANG_ENABLE_OBJC_ARC = YES;
				CLANG_ENABLE_OBJC_WEAK = YES;
				CLANG_WARN_BLOCK_CAPTURE_AUTORELEASING = YES;
				CLANG_WARN_BOOL_CONVERSION = YES;
				CLANG_WARN_COMMA = YES;
				CLANG_WARN_CONSTANT_CONVERSION = YES;
				CLANG_WARN_DEPRECATED_OBJC_IMPLEMENTATIONS = YES;
				CLANG_WARN_DIRECT_OBJC_ISA_USAGE = YES_ERROR;
				CLANG_WARN_DOCUMENTATION_COMMENTS = YES;
				CLANG_WARN_EMPTY_BODY = YES;
				CLANG_WARN_ENUM_CONVERSION = YES;
				CLANG_WARN_INFINITE_RECURSION = YES;
				CLANG_WARN_INT_CONVERSION = YES;
				CLANG_WARN_NON_LITERAL_NULL_CONVERSION = YES;
				CLANG_WARN_OBJC_IMPLICIT_RETAIN_SELF = YES;
				CLANG_WARN_OBJC_LITERAL_CONVERSION = YES;
				CLANG_WARN_OBJC_ROOT_CLASS = YES_ERROR;
				CLANG_WARN_RANGE_LOOP_ANALYSIS = YES;
				CLANG_WARN_STRICT_PROTOTYPES = YES;
				CLANG_WARN_SUSPICIOUS_MOVE = YES;
				CLANG_WARN_UNGUARDED_AVAILABILITY = YES_AGGRESSIVE;
				CLANG_WARN_UNREACHABLE_CODE = YES;
				CLANG_WARN__DUPLICATE_METHOD_MATCH = YES;
				CODE_SIGN_IDENTITY = "iPhone Developer";
				COPY_PHASE_STRIP = NO;
				DEBUG_INFORMATION_FORMAT = "dwarf-with-dsym";
				ENABLE_NS_ASSERTIONS = NO;
				ENABLE_STRICT_OBJC_MSGSEND = YES;
				GCC_C_LANGUAGE_STANDARD = gnu11;
				GCC_NO_COMMON_BLOCKS = YES;
				GCC_WARN_64_TO_32_BIT_CONVERSION = YES;
				GCC_WARN_ABOUT_RETURN_TYPE = YES_ERROR;
				GCC_WARN_UNDECLARED_SELECTOR = YES;
				GCC_WARN_UNINITIALIZED_AUTOS = YES_AGGRESSIVE;
				GCC_WARN_UNUSED_FUNCTION = YES;
				GCC_WARN_UNUSED_VARIABLE = YES;
				IPHONEOS_DEPLOYMENT_TARGET = 12.2;
				MTL_ENABLE_DEBUG_INFO = NO;
				MTL_FAST_MATH = YES;
				SDKROOT = iphoneos;
				SWIFT_COMPILATION_MODE = wholemodule;
				SWIFT_OPTIMIZATION_LEVEL = "-O";
				VALIDATE_PRODUCT = YES;
			};
			name = Release;
		};
		CA06009422A821BC00EC303D /* Debug */ = {
			isa = XCBuildConfiguration;
			buildSettings = {
				ASSETCATALOG_COMPILER_APPICON_NAME = AppIcon;
				CODE_SIGN_ENTITLEMENTS = CKUsersPractice/CKUsersPractice.entitlements;
				CODE_SIGN_STYLE = Automatic;
				DEVELOPMENT_TEAM = D445CT62ZR;
				INFOPLIST_FILE = "$(SRCROOT)/CKUsersPractice/Resources/Info.plist";
				LD_RUNPATH_SEARCH_PATHS = (
					"$(inherited)",
					"@executable_path/Frameworks",
				);
				PRODUCT_BUNDLE_IDENTIFIER = com.rabbitholefashion.CKUsersPractice;
				PRODUCT_NAME = "$(TARGET_NAME)";
				SWIFT_VERSION = 5.0;
				TARGETED_DEVICE_FAMILY = "1,2";
			};
			name = Debug;
		};
		CA06009522A821BC00EC303D /* Release */ = {
			isa = XCBuildConfiguration;
			buildSettings = {
				ASSETCATALOG_COMPILER_APPICON_NAME = AppIcon;
				CODE_SIGN_ENTITLEMENTS = CKUsersPractice/CKUsersPractice.entitlements;
				CODE_SIGN_STYLE = Automatic;
				DEVELOPMENT_TEAM = D445CT62ZR;
				INFOPLIST_FILE = "$(SRCROOT)/CKUsersPractice/Resources/Info.plist";
				LD_RUNPATH_SEARCH_PATHS = (
					"$(inherited)",
					"@executable_path/Frameworks",
				);
				PRODUCT_BUNDLE_IDENTIFIER = com.rabbitholefashion.CKUsersPractice;
				PRODUCT_NAME = "$(TARGET_NAME)";
				SWIFT_VERSION = 5.0;
				TARGETED_DEVICE_FAMILY = "1,2";
			};
			name = Release;
		};
/* End XCBuildConfiguration section */

/* Begin XCConfigurationList section */
		CA06007C22A821BB00EC303D /* Build configuration list for PBXProject "CKUsersPractice" */ = {
			isa = XCConfigurationList;
			buildConfigurations = (
				CA06009122A821BC00EC303D /* Debug */,
				CA06009222A821BC00EC303D /* Release */,
			);
			defaultConfigurationIsVisible = 0;
			defaultConfigurationName = Release;
		};
		CA06009322A821BC00EC303D /* Build configuration list for PBXNativeTarget "CKUsersPractice" */ = {
			isa = XCConfigurationList;
			buildConfigurations = (
				CA06009422A821BC00EC303D /* Debug */,
				CA06009522A821BC00EC303D /* Release */,
			);
			defaultConfigurationIsVisible = 0;
			defaultConfigurationName = Release;
		};
/* End XCConfigurationList section */
	};
	rootObject = CA06007922A821BB00EC303D /* Project object */;
}
